
Microsoft Visual Studio Solution File, Format Version 12.00
# Visual Studio 15
Project("{FAE04EC0-301F-11D3-BF4B-00C04F79EFBC}") = "UniHumanoid", "UniHumanoid.csproj", "{7DFE8FD7-F24F-4916-97FD-41354BD27109}"
EndProject
Project("{FAE04EC0-301F-11D3-BF4B-00C04F79EFBC}") = "UniGLTF.Editor", "UniGLTF.Editor.csproj", "{5A8D0338-2633-1F69-E33E-38AF5DC63368}"
EndProject
Project("{FAE04EC0-301F-11D3-BF4B-00C04F79EFBC}") = "UniGLTF", "UniGLTF.csproj", "{4B93FA77-F7BB-82DF-FD19-783925854C18}"
EndProject
Project("{FAE04EC0-301F-11D3-BF4B-00C04F79EFBC}") = "UniVRM.Editor", "UniVRM.Editor.csproj", "{733FFE4A-F0C0-C537-B797-9225F8AFB23D}"
EndProject
Project("{FAE04EC0-301F-11D3-BF4B-00C04F79EFBC}") = "VRM", "VRM.csproj", "{62522953-5EDC-47A5-5616-CFABD91DBD4A}"
EndProject
Project("{FAE04EC0-301F-11D3-BF4B-00C04F79EFBC}") = "MToon.Editor", "MToon.Editor.csproj", "{AF05E7D1-31BC-2D28-7425-D1AF6C57BA77}"
EndProject
Project("{FAE04EC0-301F-11D3-BF4B-00C04F79EFBC}") = "UniGLTF.Tests", "UniGLTF.Tests.csproj", "{C36FF196-F1B8-0121-30E0-6625FF84B603}"
EndProject
Project("{FAE04EC0-301F-11D3-BF4B-00C04F79EFBC}") = "SpringBoneJobs", "SpringBoneJobs.csproj", "{F9E8FB25-E31B-415E-7BDC-DF880750D4E4}"
EndProject
Project("{FAE04EC0-301F-11D3-BF4B-00C04F79EFBC}") = "Assembly-CSharp", "Assembly-CSharp.csproj", "{B034E7F1-01DB-132B-7E7D-38EFB552631E}"
EndProject
Project("{FAE04EC0-301F-11D3-BF4B-00C04F79EFBC}") = "Assembly-CSharp-Editor", "Assembly-CSharp-Editor.csproj", "{7A7B0F2B-4E4D-C3D8-3711-0F0B33E527E9}"
EndProject
Project("{FAE04EC0-301F-11D3-BF4B-00C04F79EFBC}") = "UniGLTF.Utils", "UniGLTF.Utils.csproj", "{B9F55AC8-6114-3BA6-33FF-CCFF2A331927}"
EndProject
Project("{FAE04EC0-301F-11D3-BF4B-00C04F79EFBC}") = "VRM.Samples.Editor.Tests", "VRM.Samples.Editor.Tests.csproj", "{30B9ADA7-1F26-12E2-695F-49D75953F5FA}"
EndProject
Project("{FAE04EC0-301F-11D3-BF4B-00C04F79EFBC}") = "MToon", "MToon.csproj", "{120A2A17-B13F-78E3-092B-882ADCA1C9D6}"
EndProject
Project("{FAE04EC0-301F-11D3-BF4B-00C04F79EFBC}") = "VRM.Tests", "VRM.Tests.csproj", "{EB560995-2CDF-EAD8-9478-D1E877224A70}"
EndProject
Project("{FAE04EC0-301F-11D3-BF4B-00C04F79EFBC}") = "UniHumanoid.Editor", "UniHumanoid.Editor.csproj", "{8F573F61-FB0B-5C58-8EFC-706C0AA4DCE2}"
EndProject
Project("{FAE04EC0-301F-11D3-BF4B-00C04F79EFBC}") = "UniGLTF.UniUnlit", "UniGLTF.UniUnlit.csproj", "{877A5BF8-92DA-B364-5AB4-7B7CB6F41A4C}"
EndProject
Project("{FAE04EC0-301F-11D3-BF4B-00C04F79EFBC}") = "UniGLTF.UniUnlit.Editor", "UniGLTF.UniUnlit.Editor.csproj", "{911F38DF-6711-2F67-5BB1-CEE2979A6C02}"
EndProject
Project("{FAE04EC0-301F-11D3-BF4B-00C04F79EFBC}") = "UniHumanoid.Editor.Tests", "UniHumanoid.Editor.Tests.csproj", "{4E0192A6-DA07-C9A0-1218-CAA2C957240A}"
EndProject
Global
	GlobalSection(SolutionConfigurationPlatforms) = preSolution
		Debug|Any CPU = Debug|Any CPU
		Release|Any CPU = Release|Any CPU
	EndGlobalSection
	GlobalSection(ProjectConfigurationPlatforms) = postSolution
		{7DFE8FD7-F24F-4916-97FD-41354BD27109}.Debug|Any CPU.ActiveCfg = Debug|Any CPU
		{7DFE8FD7-F24F-4916-97FD-41354BD27109}.Debug|Any CPU.Build.0 = Debug|Any CPU
		{7DFE8FD7-F24F-4916-97FD-41354BD27109}.Release|Any CPU.ActiveCfg = Release|Any CPU
		{7DFE8FD7-F24F-4916-97FD-41354BD27109}.Release|Any CPU.Build.0 = Release|Any CPU
		{5A8D0338-2633-1F69-E33E-38AF5DC63368}.Debug|Any CPU.ActiveCfg = Debug|Any CPU
		{5A8D0338-2633-1F69-E33E-38AF5DC63368}.Debug|Any CPU.Build.0 = Debug|Any CPU
		{5A8D0338-2633-1F69-E33E-38AF5DC63368}.Release|Any CPU.ActiveCfg = Release|Any CPU
		{5A8D0338-2633-1F69-E33E-38AF5DC63368}.Release|Any CPU.Build.0 = Release|Any CPU
		{4B93FA77-F7BB-82DF-FD19-783925854C18}.Debug|Any CPU.ActiveCfg = Debug|Any CPU
		{4B93FA77-F7BB-82DF-FD19-783925854C18}.Debug|Any CPU.Build.0 = Debug|Any CPU
		{4B93FA77-F7BB-82DF-FD19-783925854C18}.Release|Any CPU.ActiveCfg = Release|Any CPU
		{4B93FA77-F7BB-82DF-FD19-783925854C18}.Release|Any CPU.Build.0 = Release|Any CPU
		{733FFE4A-F0C0-C537-B797-9225F8AFB23D}.Debug|Any CPU.ActiveCfg = Debug|Any CPU
		{733FFE4A-F0C0-C537-B797-9225F8AFB23D}.Debug|Any CPU.Build.0 = Debug|Any CPU
		{733FFE4A-F0C0-C537-B797-9225F8AFB23D}.Release|Any CPU.ActiveCfg = Release|Any CPU
		{733FFE4A-F0C0-C537-B797-9225F8AFB23D}.Release|Any CPU.Build.0 = Release|Any CPU
		{62522953-5EDC-47A5-5616-CFABD91DBD4A}.Debug|Any CPU.ActiveCfg = Debug|Any CPU
		{62522953-5EDC-47A5-5616-CFABD91DBD4A}.Debug|Any CPU.Build.0 = Debug|Any CPU
		{62522953-5EDC-47A5-5616-CFABD91DBD4A}.Release|Any CPU.ActiveCfg = Release|Any CPU
		{62522953-5EDC-47A5-5616-CFABD91DBD4A}.Release|Any CPU.Build.0 = Release|Any CPU
		{AF05E7D1-31BC-2D28-7425-D1AF6C57BA77}.Debug|Any CPU.ActiveCfg = Debug|Any CPU
		{AF05E7D1-31BC-2D28-7425-D1AF6C57BA77}.Debug|Any CPU.Build.0 = Debug|Any CPU
		{AF05E7D1-31BC-2D28-7425-D1AF6C57BA77}.Release|Any CPU.ActiveCfg = Release|Any CPU
		{AF05E7D1-31BC-2D28-7425-D1AF6C57BA77}.Release|Any CPU.Build.0 = Release|Any CPU
		{C36FF196-F1B8-0121-30E0-6625FF84B603}.Debug|Any CPU.ActiveCfg = Debug|Any CPU
		{C36FF196-F1B8-0121-30E0-6625FF84B603}.Debug|Any CPU.Build.0 = Debug|Any CPU
		{C36FF196-F1B8-0121-30E0-6625FF84B603}.Release|Any CPU.ActiveCfg = Release|Any CPU
		{C36FF196-F1B8-0121-30E0-6625FF84B603}.Release|Any CPU.Build.0 = Release|Any CPU
		{F9E8FB25-E31B-415E-7BDC-DF880750D4E4}.Debug|Any CPU.ActiveCfg = Debug|Any CPU
		{F9E8FB25-E31B-415E-7BDC-DF880750D4E4}.Debug|Any CPU.Build.0 = Debug|Any CPU
		{F9E8FB25-E31B-415E-7BDC-DF880750D4E4}.Release|Any CPU.ActiveCfg = Release|Any CPU
		{F9E8FB25-E31B-415E-7BDC-DF880750D4E4}.Release|Any CPU.Build.0 = Release|Any CPU
		{B034E7F1-01DB-132B-7E7D-38EFB552631E}.Debug|Any CPU.ActiveCfg = Debug|Any CPU
		{B034E7F1-01DB-132B-7E7D-38EFB552631E}.Debug|Any CPU.Build.0 = Debug|Any CPU
		{B034E7F1-01DB-132B-7E7D-38EFB552631E}.Release|Any CPU.ActiveCfg = Release|Any CPU
		{B034E7F1-01DB-132B-7E7D-38EFB552631E}.Release|Any CPU.Build.0 = Release|Any CPU
		{7A7B0F2B-4E4D-C3D8-3711-0F0B33E527E9}.Debug|Any CPU.ActiveCfg = Debug|Any CPU
		{7A7B0F2B-4E4D-C3D8-3711-0F0B33E527E9}.Debug|Any CPU.Build.0 = Debug|Any CPU
		{7A7B0F2B-4E4D-C3D8-3711-0F0B33E527E9}.Release|Any CPU.ActiveCfg = Release|Any CPU
		{7A7B0F2B-4E4D-C3D8-3711-0F0B33E527E9}.Release|Any CPU.Build.0 = Release|Any CPU
		{B9F55AC8-6114-3BA6-33FF-CCFF2A331927}.Debug|Any CPU.ActiveCfg = Debug|Any CPU
		{B9F55AC8-6114-3BA6-33FF-CCFF2A331927}.Debug|Any CPU.Build.0 = Debug|Any CPU
		{B9F55AC8-6114-3BA6-33FF-CCFF2A331927}.Release|Any CPU.ActiveCfg = Release|Any CPU
		{B9F55AC8-6114-3BA6-33FF-CCFF2A331927}.Release|Any CPU.Build.0 = Release|Any CPU
		{30B9ADA7-1F26-12E2-695F-49D75953F5FA}.Debug|Any CPU.ActiveCfg = Debug|Any CPU
		{30B9ADA7-1F26-12E2-695F-49D75953F5FA}.Debug|Any CPU.Build.0 = Debug|Any CPU
		{30B9ADA7-1F26-12E2-695F-49D75953F5FA}.Release|Any CPU.ActiveCfg = Release|Any CPU
		{30B9ADA7-1F26-12E2-695F-49D75953F5FA}.Release|Any CPU.Build.0 = Release|Any CPU
		{120A2A17-B13F-78E3-092B-882ADCA1C9D6}.Debug|Any CPU.ActiveCfg = Debug|Any CPU
		{120A2A17-B13F-78E3-092B-882ADCA1C9D6}.Debug|Any CPU.Build.0 = Debug|Any CPU
		{120A2A17-B13F-78E3-092B-882ADCA1C9D6}.Release|Any CPU.ActiveCfg = Release|Any CPU
		{120A2A17-B13F-78E3-092B-882ADCA1C9D6}.Release|Any CPU.Build.0 = Release|Any CPU
		{EB560995-2CDF-EAD8-9478-D1E877224A70}.Debug|Any CPU.ActiveCfg = Debug|Any CPU
		{EB560995-2CDF-EAD8-9478-D1E877224A70}.Debug|Any CPU.Build.0 = Debug|Any CPU
		{EB560995-2CDF-EAD8-9478-D1E877224A70}.Release|Any CPU.ActiveCfg = Release|Any CPU
		{EB560995-2CDF-EAD8-9478-D1E877224A70}.Release|Any CPU.Build.0 = Release|Any CPU
		{8F573F61-FB0B-5C58-8EFC-706C0AA4DCE2}.Debug|Any CPU.ActiveCfg = Debug|Any CPU
		{8F573F61-FB0B-5C58-8EFC-706C0AA4DCE2}.Debug|Any CPU.Build.0 = Debug|Any CPU
		{8F573F61-FB0B-5C58-8EFC-706C0AA4DCE2}.Release|Any CPU.ActiveCfg = Release|Any CPU
		{8F573F61-FB0B-5C58-8EFC-706C0AA4DCE2}.Release|Any CPU.Build.0 = Release|Any CPU
		{877A5BF8-92DA-B364-5AB4-7B7CB6F41A4C}.Debug|Any CPU.ActiveCfg = Debug|Any CPU
		{877A5BF8-92DA-B364-5AB4-7B7CB6F41A4C}.Debug|Any CPU.Build.0 = Debug|Any CPU
		{877A5BF8-92DA-B364-5AB4-7B7CB6F41A4C}.Release|Any CPU.ActiveCfg = Release|Any CPU
		{877A5BF8-92DA-B364-5AB4-7B7CB6F41A4C}.Release|Any CPU.Build.0 = Release|Any CPU
		{911F38DF-6711-2F67-5BB1-CEE2979A6C02}.Debug|Any CPU.ActiveCfg = Debug|Any CPU
		{911F38DF-6711-2F67-5BB1-CEE2979A6C02}.Debug|Any CPU.Build.0 = Debug|Any CPU
		{911F38DF-6711-2F67-5BB1-CEE2979A6C02}.Release|Any CPU.ActiveCfg = Release|Any CPU
		{911F38DF-6711-2F67-5BB1-CEE2979A6C02}.Release|Any CPU.Build.0 = Release|Any CPU
		{4E0192A6-DA07-C9A0-1218-CAA2C957240A}.Debug|Any CPU.ActiveCfg = Debug|Any CPU
		{4E0192A6-DA07-C9A0-1218-CAA2C957240A}.Debug|Any CPU.Build.0 = Debug|Any CPU
		{4E0192A6-DA07-C9A0-1218-CAA2C957240A}.Release|Any CPU.ActiveCfg = Release|Any CPU
		{4E0192A6-DA07-C9A0-1218-CAA2C957240A}.Release|Any CPU.Build.0 = Release|Any CPU
	EndGlobalSection
	GlobalSection(SolutionProperties) = preSolution
		HideSolutionNode = FALSE
	EndGlobalSection
EndGlobal
